// !$*UTF8*$!
{
	archiveVersion = 1;
	classes = {
	};
	objectVersion = 51;
	objects = {

/* Begin PBXBuildFile section */
		16B139F922AE8A8000B21343 /* AppDelegate.swift in Sources */ = {isa = PBXBuildFile; fileRef = 16B139F822AE8A8000B21343 /* AppDelegate.swift */; };
		16B139FB22AE8A8000B21343 /* ViewController.swift in Sources */ = {isa = PBXBuildFile; fileRef = 16B139FA22AE8A8000B21343 /* ViewController.swift */; };
		16B139FE22AE8A8000B21343 /* Main.storyboard in Resources */ = {isa = PBXBuildFile; fileRef = 16B139FC22AE8A8000B21343 /* Main.storyboard */; };
		16B13A0022AE8A8200B21343 /* Assets.xcassets in Resources */ = {isa = PBXBuildFile; fileRef = 16B139FF22AE8A8200B21343 /* Assets.xcassets */; };
		16B13A0322AE8A8200B21343 /* LaunchScreen.storyboard in Resources */ = {isa = PBXBuildFile; fileRef = 16B13A0122AE8A8200B21343 /* LaunchScreen.storyboard */; };
		16B13A0E22AE8A8200B21343 /* SocialMediaSignInTests.swift in Sources */ = {isa = PBXBuildFile; fileRef = 16B13A0D22AE8A8200B21343 /* SocialMediaSignInTests.swift */; };
		16B13A1922AE8A8200B21343 /* SocialMediaSignInUITests.swift in Sources */ = {isa = PBXBuildFile; fileRef = 16B13A1822AE8A8200B21343 /* SocialMediaSignInUITests.swift */; };
		16B13A2722AE9CCC00B21343 /* credentials.plist in Resources */ = {isa = PBXBuildFile; fileRef = 16B13A2622AE9CCC00B21343 /* credentials.plist */; };
		8EBA0CB3207C8DED8C19C4ED /* Pods_SocialMediaSignIn.framework in Frameworks */ = {isa = PBXBuildFile; fileRef = A89565352A2B33A327BB05CE /* Pods_SocialMediaSignIn.framework */; };
		AE9F582874D7DCECECFC7A56 /* Pods_SocialMediaSignInUITests.framework in Frameworks */ = {isa = PBXBuildFile; fileRef = 46C644DC7D8B7595D3254644 /* Pods_SocialMediaSignInUITests.framework */; };
		F201201973D3AE07792C4445 /* Pods_SocialMediaSignInTests.framework in Frameworks */ = {isa = PBXBuildFile; fileRef = 4601325472F1E7EFE9AB9577 /* Pods_SocialMediaSignInTests.framework */; };
/* End PBXBuildFile section */

/* Begin PBXContainerItemProxy section */
		16B13A0A22AE8A8200B21343 /* PBXContainerItemProxy */ = {
			isa = PBXContainerItemProxy;
			containerPortal = 16B139ED22AE8A7F00B21343 /* Project object */;
			proxyType = 1;
			remoteGlobalIDString = 16B139F422AE8A7F00B21343;
			remoteInfo = SocialMediaSignIn;
		};
		16B13A1522AE8A8200B21343 /* PBXContainerItemProxy */ = {
			isa = PBXContainerItemProxy;
			containerPortal = 16B139ED22AE8A7F00B21343 /* Project object */;
			proxyType = 1;
			remoteGlobalIDString = 16B139F422AE8A7F00B21343;
			remoteInfo = SocialMediaSignIn;
		};
/* End PBXContainerItemProxy section */

/* Begin PBXFileReference section */
		16B139F522AE8A8000B21343 /* SocialMediaSignIn.app */ = {isa = PBXFileReference; explicitFileType = wrapper.application; includeInIndex = 0; path = SocialMediaSignIn.app; sourceTree = BUILT_PRODUCTS_DIR; };
		16B139F822AE8A8000B21343 /* AppDelegate.swift */ = {isa = PBXFileReference; lastKnownFileType = sourcecode.swift; path = AppDelegate.swift; sourceTree = "<group>"; };
		16B139FA22AE8A8000B21343 /* ViewController.swift */ = {isa = PBXFileReference; lastKnownFileType = sourcecode.swift; path = ViewController.swift; sourceTree = "<group>"; };
		16B139FD22AE8A8000B21343 /* Base */ = {isa = PBXFileReference; lastKnownFileType = file.storyboard; name = Base; path = Base.lproj/Main.storyboard; sourceTree = "<group>"; };
		16B139FF22AE8A8200B21343 /* Assets.xcassets */ = {isa = PBXFileReference; lastKnownFileType = folder.assetcatalog; path = Assets.xcassets; sourceTree = "<group>"; };
		16B13A0222AE8A8200B21343 /* Base */ = {isa = PBXFileReference; lastKnownFileType = file.storyboard; name = Base; path = Base.lproj/LaunchScreen.storyboard; sourceTree = "<group>"; };
		16B13A0422AE8A8200B21343 /* Info.plist */ = {isa = PBXFileReference; lastKnownFileType = text.plist.xml; path = Info.plist; sourceTree = "<group>"; };
		16B13A0922AE8A8200B21343 /* SocialMediaSignInTests.xctest */ = {isa = PBXFileReference; explicitFileType = wrapper.cfbundle; includeInIndex = 0; path = SocialMediaSignInTests.xctest; sourceTree = BUILT_PRODUCTS_DIR; };
		16B13A0D22AE8A8200B21343 /* SocialMediaSignInTests.swift */ = {isa = PBXFileReference; lastKnownFileType = sourcecode.swift; path = SocialMediaSignInTests.swift; sourceTree = "<group>"; };
		16B13A0F22AE8A8200B21343 /* Info.plist */ = {isa = PBXFileReference; lastKnownFileType = text.plist.xml; path = Info.plist; sourceTree = "<group>"; };
		16B13A1422AE8A8200B21343 /* SocialMediaSignInUITests.xctest */ = {isa = PBXFileReference; explicitFileType = wrapper.cfbundle; includeInIndex = 0; path = SocialMediaSignInUITests.xctest; sourceTree = BUILT_PRODUCTS_DIR; };
		16B13A1822AE8A8200B21343 /* SocialMediaSignInUITests.swift */ = {isa = PBXFileReference; lastKnownFileType = sourcecode.swift; path = SocialMediaSignInUITests.swift; sourceTree = "<group>"; };
		16B13A1A22AE8A8200B21343 /* Info.plist */ = {isa = PBXFileReference; lastKnownFileType = text.plist.xml; path = Info.plist; sourceTree = "<group>"; };
		16B13A2622AE9CCC00B21343 /* credentials.plist */ = {isa = PBXFileReference; fileEncoding = 4; lastKnownFileType = text.plist.xml; path = credentials.plist; sourceTree = "<group>"; };
		22D9A878F206716EF4A2EAE4 /* Pods-SocialMediaSignIn.debug.xcconfig */ = {isa = PBXFileReference; includeInIndex = 1; lastKnownFileType = text.xcconfig; name = "Pods-SocialMediaSignIn.debug.xcconfig"; path = "Target Support Files/Pods-SocialMediaSignIn/Pods-SocialMediaSignIn.debug.xcconfig"; sourceTree = "<group>"; };
		423DD64CF99F676E187F277D /* Pods-SocialMediaSignInTests.debug.xcconfig */ = {isa = PBXFileReference; includeInIndex = 1; lastKnownFileType = text.xcconfig; name = "Pods-SocialMediaSignInTests.debug.xcconfig"; path = "Target Support Files/Pods-SocialMediaSignInTests/Pods-SocialMediaSignInTests.debug.xcconfig"; sourceTree = "<group>"; };
		4601325472F1E7EFE9AB9577 /* Pods_SocialMediaSignInTests.framework */ = {isa = PBXFileReference; explicitFileType = wrapper.framework; includeInIndex = 0; path = Pods_SocialMediaSignInTests.framework; sourceTree = BUILT_PRODUCTS_DIR; };
		46C644DC7D8B7595D3254644 /* Pods_SocialMediaSignInUITests.framework */ = {isa = PBXFileReference; explicitFileType = wrapper.framework; includeInIndex = 0; path = Pods_SocialMediaSignInUITests.framework; sourceTree = BUILT_PRODUCTS_DIR; };
		5A1DF446ED2A12CA927BA320 /* Pods-SocialMediaSignInTests.release.xcconfig */ = {isa = PBXFileReference; includeInIndex = 1; lastKnownFileType = text.xcconfig; name = "Pods-SocialMediaSignInTests.release.xcconfig"; path = "Target Support Files/Pods-SocialMediaSignInTests/Pods-SocialMediaSignInTests.release.xcconfig"; sourceTree = "<group>"; };
		A89565352A2B33A327BB05CE /* Pods_SocialMediaSignIn.framework */ = {isa = PBXFileReference; explicitFileType = wrapper.framework; includeInIndex = 0; path = Pods_SocialMediaSignIn.framework; sourceTree = BUILT_PRODUCTS_DIR; };
		B4934A8FE07994BE6A11137F /* Pods-SocialMediaSignIn.release.xcconfig */ = {isa = PBXFileReference; includeInIndex = 1; lastKnownFileType = text.xcconfig; name = "Pods-SocialMediaSignIn.release.xcconfig"; path = "Target Support Files/Pods-SocialMediaSignIn/Pods-SocialMediaSignIn.release.xcconfig"; sourceTree = "<group>"; };
		E9FB37ED51BCA135C2499A15 /* Pods-SocialMediaSignInUITests.debug.xcconfig */ = {isa = PBXFileReference; includeInIndex = 1; lastKnownFileType = text.xcconfig; name = "Pods-SocialMediaSignInUITests.debug.xcconfig"; path = "Target Support Files/Pods-SocialMediaSignInUITests/Pods-SocialMediaSignInUITests.debug.xcconfig"; sourceTree = "<group>"; };
		F7217F42AE963E4CE40A0C35 /* Pods-SocialMediaSignInUITests.release.xcconfig */ = {isa = PBXFileReference; includeInIndex = 1; lastKnownFileType = text.xcconfig; name = "Pods-SocialMediaSignInUITests.release.xcconfig"; path = "Target Support Files/Pods-SocialMediaSignInUITests/Pods-SocialMediaSignInUITests.release.xcconfig"; sourceTree = "<group>"; };
/* End PBXFileReference section */

/* Begin PBXFrameworksBuildPhase section */
		16B139F222AE8A7F00B21343 /* Frameworks */ = {
			isa = PBXFrameworksBuildPhase;
			buildActionMask = 2147483647;
			files = (
				8EBA0CB3207C8DED8C19C4ED /* Pods_SocialMediaSignIn.framework in Frameworks */,
			);
			runOnlyForDeploymentPostprocessing = 0;
		};
		16B13A0622AE8A8200B21343 /* Frameworks */ = {
			isa = PBXFrameworksBuildPhase;
			buildActionMask = 2147483647;
			files = (
				F201201973D3AE07792C4445 /* Pods_SocialMediaSignInTests.framework in Frameworks */,
			);
			runOnlyForDeploymentPostprocessing = 0;
		};
		16B13A1122AE8A8200B21343 /* Frameworks */ = {
			isa = PBXFrameworksBuildPhase;
			buildActionMask = 2147483647;
			files = (
				AE9F582874D7DCECECFC7A56 /* Pods_SocialMediaSignInUITests.framework in Frameworks */,
			);
			runOnlyForDeploymentPostprocessing = 0;
		};
/* End PBXFrameworksBuildPhase section */

/* Begin PBXGroup section */
		16B139EC22AE8A7F00B21343 = {
			isa = PBXGroup;
			children = (
				16B139F722AE8A8000B21343 /* SocialMediaSignIn */,
				16B13A0C22AE8A8200B21343 /* SocialMediaSignInTests */,
				16B13A1722AE8A8200B21343 /* SocialMediaSignInUITests */,
				16B139F622AE8A8000B21343 /* Products */,
				B0C23634CBDC29E12227D8EC /* Pods */,
				C640414DE8B11D8B6E2C0398 /* Frameworks */,
			);
			sourceTree = "<group>";
		};
		16B139F622AE8A8000B21343 /* Products */ = {
			isa = PBXGroup;
			children = (
				16B139F522AE8A8000B21343 /* SocialMediaSignIn.app */,
				16B13A0922AE8A8200B21343 /* SocialMediaSignInTests.xctest */,
				16B13A1422AE8A8200B21343 /* SocialMediaSignInUITests.xctest */,
			);
			name = Products;
			sourceTree = "<group>";
		};
		16B139F722AE8A8000B21343 /* SocialMediaSignIn */ = {
			isa = PBXGroup;
			children = (
				16B13A2622AE9CCC00B21343 /* credentials.plist */,
				16B139F822AE8A8000B21343 /* AppDelegate.swift */,
				16B139FA22AE8A8000B21343 /* ViewController.swift */,
				16B139FC22AE8A8000B21343 /* Main.storyboard */,
				16B139FF22AE8A8200B21343 /* Assets.xcassets */,
				16B13A0122AE8A8200B21343 /* LaunchScreen.storyboard */,
				16B13A0422AE8A8200B21343 /* Info.plist */,
			);
			path = SocialMediaSignIn;
			sourceTree = "<group>";
		};
		16B13A0C22AE8A8200B21343 /* SocialMediaSignInTests */ = {
			isa = PBXGroup;
			children = (
				16B13A0D22AE8A8200B21343 /* SocialMediaSignInTests.swift */,
				16B13A0F22AE8A8200B21343 /* Info.plist */,
			);
			path = SocialMediaSignInTests;
			sourceTree = "<group>";
		};
		16B13A1722AE8A8200B21343 /* SocialMediaSignInUITests */ = {
			isa = PBXGroup;
			children = (
				16B13A1822AE8A8200B21343 /* SocialMediaSignInUITests.swift */,
				16B13A1A22AE8A8200B21343 /* Info.plist */,
			);
			path = SocialMediaSignInUITests;
			sourceTree = "<group>";
		};
		B0C23634CBDC29E12227D8EC /* Pods */ = {
			isa = PBXGroup;
			children = (
				22D9A878F206716EF4A2EAE4 /* Pods-SocialMediaSignIn.debug.xcconfig */,
				B4934A8FE07994BE6A11137F /* Pods-SocialMediaSignIn.release.xcconfig */,
				423DD64CF99F676E187F277D /* Pods-SocialMediaSignInTests.debug.xcconfig */,
				5A1DF446ED2A12CA927BA320 /* Pods-SocialMediaSignInTests.release.xcconfig */,
				E9FB37ED51BCA135C2499A15 /* Pods-SocialMediaSignInUITests.debug.xcconfig */,
				F7217F42AE963E4CE40A0C35 /* Pods-SocialMediaSignInUITests.release.xcconfig */,
			);
			path = Pods;
			sourceTree = "<group>";
		};
		C640414DE8B11D8B6E2C0398 /* Frameworks */ = {
			isa = PBXGroup;
			children = (
				A89565352A2B33A327BB05CE /* Pods_SocialMediaSignIn.framework */,
				4601325472F1E7EFE9AB9577 /* Pods_SocialMediaSignInTests.framework */,
				46C644DC7D8B7595D3254644 /* Pods_SocialMediaSignInUITests.framework */,
			);
			name = Frameworks;
			sourceTree = "<group>";
		};
/* End PBXGroup section */

/* Begin PBXNativeTarget section */
		16B139F422AE8A7F00B21343 /* SocialMediaSignIn */ = {
			isa = PBXNativeTarget;
			buildConfigurationList = 16B13A1D22AE8A8200B21343 /* Build configuration list for PBXNativeTarget "SocialMediaSignIn" */;
			buildPhases = (
				7D9C6CCF3EC151244F55C2B2 /* [CP] Check Pods Manifest.lock */,
				16B139F122AE8A7F00B21343 /* Sources */,
				16B139F222AE8A7F00B21343 /* Frameworks */,
				16B139F322AE8A7F00B21343 /* Resources */,
				1BEA05DACE5B3C580B8C544B /* [CP] Embed Pods Frameworks */,
				D579A45F9BE6E357144CB488 /* [CP] Copy Pods Resources */,
			);
			buildRules = (
			);
			dependencies = (
			);
			name = SocialMediaSignIn;
			productName = SocialMediaSignIn;
			productReference = 16B139F522AE8A8000B21343 /* SocialMediaSignIn.app */;
			productType = "com.apple.product-type.application";
		};
		16B13A0822AE8A8200B21343 /* SocialMediaSignInTests */ = {
			isa = PBXNativeTarget;
			buildConfigurationList = 16B13A2022AE8A8200B21343 /* Build configuration list for PBXNativeTarget "SocialMediaSignInTests" */;
			buildPhases = (
				FBA13ACEA97F5000C16B85C6 /* [CP] Check Pods Manifest.lock */,
				16B13A0522AE8A8200B21343 /* Sources */,
				16B13A0622AE8A8200B21343 /* Frameworks */,
				16B13A0722AE8A8200B21343 /* Resources */,
			);
			buildRules = (
			);
			dependencies = (
				16B13A0B22AE8A8200B21343 /* PBXTargetDependency */,
			);
			name = SocialMediaSignInTests;
			productName = SocialMediaSignInTests;
			productReference = 16B13A0922AE8A8200B21343 /* SocialMediaSignInTests.xctest */;
			productType = "com.apple.product-type.bundle.unit-test";
		};
		16B13A1322AE8A8200B21343 /* SocialMediaSignInUITests */ = {
			isa = PBXNativeTarget;
			buildConfigurationList = 16B13A2322AE8A8200B21343 /* Build configuration list for PBXNativeTarget "SocialMediaSignInUITests" */;
			buildPhases = (
				958DBF2B230AEAAC4D00A92C /* [CP] Check Pods Manifest.lock */,
				16B13A1022AE8A8200B21343 /* Sources */,
				16B13A1122AE8A8200B21343 /* Frameworks */,
				16B13A1222AE8A8200B21343 /* Resources */,
			);
			buildRules = (
			);
			dependencies = (
				16B13A1622AE8A8200B21343 /* PBXTargetDependency */,
			);
			name = SocialMediaSignInUITests;
			productName = SocialMediaSignInUITests;
			productReference = 16B13A1422AE8A8200B21343 /* SocialMediaSignInUITests.xctest */;
			productType = "com.apple.product-type.bundle.ui-testing";
		};
/* End PBXNativeTarget section */

/* Begin PBXProject section */
		16B139ED22AE8A7F00B21343 /* Project object */ = {
			isa = PBXProject;
			attributes = {
				LastSwiftUpdateCheck = 1020;
				LastUpgradeCheck = 1020;
				ORGANIZATIONNAME = Meenal;
				TargetAttributes = {
					16B139F422AE8A7F00B21343 = {
						CreatedOnToolsVersion = 10.2.1;
					};
					16B13A0822AE8A8200B21343 = {
						CreatedOnToolsVersion = 10.2.1;
						TestTargetID = 16B139F422AE8A7F00B21343;
					};
					16B13A1322AE8A8200B21343 = {
						CreatedOnToolsVersion = 10.2.1;
						TestTargetID = 16B139F422AE8A7F00B21343;
					};
				};
			};
			buildConfigurationList = 16B139F022AE8A7F00B21343 /* Build configuration list for PBXProject "SocialMediaSignIn" */;
			compatibilityVersion = "Xcode 9.3";
			developmentRegion = en;
			hasScannedForEncodings = 0;
			knownRegions = (
				en,
				Base,
			);
			mainGroup = 16B139EC22AE8A7F00B21343;
			productRefGroup = 16B139F622AE8A8000B21343 /* Products */;
			projectDirPath = "";
			projectRoot = "";
			targets = (
				16B139F422AE8A7F00B21343 /* SocialMediaSignIn */,
				16B13A0822AE8A8200B21343 /* SocialMediaSignInTests */,
				16B13A1322AE8A8200B21343 /* SocialMediaSignInUITests */,
			);
		};
/* End PBXProject section */

/* Begin PBXResourcesBuildPhase section */
		16B139F322AE8A7F00B21343 /* Resources */ = {
			isa = PBXResourcesBuildPhase;
			buildActionMask = 2147483647;
			files = (
				16B13A0322AE8A8200B21343 /* LaunchScreen.storyboard in Resources */,
				16B13A2722AE9CCC00B21343 /* credentials.plist in Resources */,
				16B13A0022AE8A8200B21343 /* Assets.xcassets in Resources */,
				16B139FE22AE8A8000B21343 /* Main.storyboard in Resources */,
			);
			runOnlyForDeploymentPostprocessing = 0;
		};
		16B13A0722AE8A8200B21343 /* Resources */ = {
			isa = PBXResourcesBuildPhase;
			buildActionMask = 2147483647;
			files = (
			);
			runOnlyForDeploymentPostprocessing = 0;
		};
		16B13A1222AE8A8200B21343 /* Resources */ = {
			isa = PBXResourcesBuildPhase;
			buildActionMask = 2147483647;
			files = (
			);
			runOnlyForDeploymentPostprocessing = 0;
		};
/* End PBXResourcesBuildPhase section */

/* Begin PBXShellScriptBuildPhase section */
		1BEA05DACE5B3C580B8C544B /* [CP] Embed Pods Frameworks */ = {
			isa = PBXShellScriptBuildPhase;
			buildActionMask = 2147483647;
			files = (
			);
			inputFileListPaths = (
				"${PODS_ROOT}/Target Support Files/Pods-SocialMediaSignIn/Pods-SocialMediaSignIn-frameworks-${CONFIGURATION}-input-files.xcfilelist",
			);
			name = "[CP] Embed Pods Frameworks";
			outputFileListPaths = (
				"${PODS_ROOT}/Target Support Files/Pods-SocialMediaSignIn/Pods-SocialMediaSignIn-frameworks-${CONFIGURATION}-output-files.xcfilelist",
			);
			runOnlyForDeploymentPostprocessing = 0;
			shellPath = /bin/sh;
			shellScript = "\"${PODS_ROOT}/Target Support Files/Pods-SocialMediaSignIn/Pods-SocialMediaSignIn-frameworks.sh\"\n";
			showEnvVarsInLog = 0;
		};
		7D9C6CCF3EC151244F55C2B2 /* [CP] Check Pods Manifest.lock */ = {
			isa = PBXShellScriptBuildPhase;
			buildActionMask = 2147483647;
			files = (
			);
			inputFileListPaths = (
			);
			inputPaths = (
				"${PODS_PODFILE_DIR_PATH}/Podfile.lock",
				"${PODS_ROOT}/Manifest.lock",
			);
			name = "[CP] Check Pods Manifest.lock";
			outputFileListPaths = (
			);
			outputPaths = (
				"$(DERIVED_FILE_DIR)/Pods-SocialMediaSignIn-checkManifestLockResult.txt",
			);
			runOnlyForDeploymentPostprocessing = 0;
			shellPath = /bin/sh;
			shellScript = "diff \"${PODS_PODFILE_DIR_PATH}/Podfile.lock\" \"${PODS_ROOT}/Manifest.lock\" > /dev/null\nif [ $? != 0 ] ; then\n    # print error to STDERR\n    echo \"error: The sandbox is not in sync with the Podfile.lock. Run 'pod install' or update your CocoaPods installation.\" >&2\n    exit 1\nfi\n# This output is used by Xcode 'outputs' to avoid re-running this script phase.\necho \"SUCCESS\" > \"${SCRIPT_OUTPUT_FILE_0}\"\n";
			showEnvVarsInLog = 0;
		};
		958DBF2B230AEAAC4D00A92C /* [CP] Check Pods Manifest.lock */ = {
			isa = PBXShellScriptBuildPhase;
			buildActionMask = 2147483647;
			files = (
			);
			inputFileListPaths = (
			);
			inputPaths = (
				"${PODS_PODFILE_DIR_PATH}/Podfile.lock",
				"${PODS_ROOT}/Manifest.lock",
			);
			name = "[CP] Check Pods Manifest.lock";
			outputFileListPaths = (
			);
			outputPaths = (
				"$(DERIVED_FILE_DIR)/Pods-SocialMediaSignInUITests-checkManifestLockResult.txt",
			);
			runOnlyForDeploymentPostprocessing = 0;
			shellPath = /bin/sh;
			shellScript = "diff \"${PODS_PODFILE_DIR_PATH}/Podfile.lock\" \"${PODS_ROOT}/Manifest.lock\" > /dev/null\nif [ $? != 0 ] ; then\n    # print error to STDERR\n    echo \"error: The sandbox is not in sync with the Podfile.lock. Run 'pod install' or update your CocoaPods installation.\" >&2\n    exit 1\nfi\n# This output is used by Xcode 'outputs' to avoid re-running this script phase.\necho \"SUCCESS\" > \"${SCRIPT_OUTPUT_FILE_0}\"\n";
			showEnvVarsInLog = 0;
		};
		D579A45F9BE6E357144CB488 /* [CP] Copy Pods Resources */ = {
			isa = PBXShellScriptBuildPhase;
			buildActionMask = 2147483647;
			files = (
			);
			inputFileListPaths = (
				"${PODS_ROOT}/Target Support Files/Pods-SocialMediaSignIn/Pods-SocialMediaSignIn-resources-${CONFIGURATION}-input-files.xcfilelist",
			);
			name = "[CP] Copy Pods Resources";
			outputFileListPaths = (
				"${PODS_ROOT}/Target Support Files/Pods-SocialMediaSignIn/Pods-SocialMediaSignIn-resources-${CONFIGURATION}-output-files.xcfilelist",
			);
			runOnlyForDeploymentPostprocessing = 0;
			shellPath = /bin/sh;
			shellScript = "\"${PODS_ROOT}/Target Support Files/Pods-SocialMediaSignIn/Pods-SocialMediaSignIn-resources.sh\"\n";
			showEnvVarsInLog = 0;
		};
		FBA13ACEA97F5000C16B85C6 /* [CP] Check Pods Manifest.lock */ = {
			isa = PBXShellScriptBuildPhase;
			buildActionMask = 2147483647;
			files = (
			);
			inputFileListPaths = (
			);
			inputPaths = (
				"${PODS_PODFILE_DIR_PATH}/Podfile.lock",
				"${PODS_ROOT}/Manifest.lock",
			);
			name = "[CP] Check Pods Manifest.lock";
			outputFileListPaths = (
			);
			outputPaths = (
				"$(DERIVED_FILE_DIR)/Pods-SocialMediaSignInTests-checkManifestLockResult.txt",
			);
			runOnlyForDeploymentPostprocessing = 0;
			shellPath = /bin/sh;
			shellScript = "diff \"${PODS_PODFILE_DIR_PATH}/Podfile.lock\" \"${PODS_ROOT}/Manifest.lock\" > /dev/null\nif [ $? != 0 ] ; then\n    # print error to STDERR\n    echo \"error: The sandbox is not in sync with the Podfile.lock. Run 'pod install' or update your CocoaPods installation.\" >&2\n    exit 1\nfi\n# This output is used by Xcode 'outputs' to avoid re-running this script phase.\necho \"SUCCESS\" > \"${SCRIPT_OUTPUT_FILE_0}\"\n";
			showEnvVarsInLog = 0;
		};
/* End PBXShellScriptBuildPhase section */

/* Begin PBXSourcesBuildPhase section */
		16B139F122AE8A7F00B21343 /* Sources */ = {
			isa = PBXSourcesBuildPhase;
			buildActionMask = 2147483647;
			files = (
				16B139FB22AE8A8000B21343 /* ViewController.swift in Sources */,
				16B139F922AE8A8000B21343 /* AppDelegate.swift in Sources */,
			);
			runOnlyForDeploymentPostprocessing = 0;
		};
		16B13A0522AE8A8200B21343 /* Sources */ = {
			isa = PBXSourcesBuildPhase;
			buildActionMask = 2147483647;
			files = (
				16B13A0E22AE8A8200B21343 /* SocialMediaSignInTests.swift in Sources */,
			);
			runOnlyForDeploymentPostprocessing = 0;
		};
		16B13A1022AE8A8200B21343 /* Sources */ = {
			isa = PBXSourcesBuildPhase;
			buildActionMask = 2147483647;
			files = (
				16B13A1922AE8A8200B21343 /* SocialMediaSignInUITests.swift in Sources */,
			);
			runOnlyForDeploymentPostprocessing = 0;
		};
/* End PBXSourcesBuildPhase section */

/* Begin PBXTargetDependency section */
		16B13A0B22AE8A8200B21343 /* PBXTargetDependency */ = {
			isa = PBXTargetDependency;
			target = 16B139F422AE8A7F00B21343 /* SocialMediaSignIn */;
			targetProxy = 16B13A0A22AE8A8200B21343 /* PBXContainerItemProxy */;
		};
		16B13A1622AE8A8200B21343 /* PBXTargetDependency */ = {
			isa = PBXTargetDependency;
			target = 16B139F422AE8A7F00B21343 /* SocialMediaSignIn */;
			targetProxy = 16B13A1522AE8A8200B21343 /* PBXContainerItemProxy */;
		};
/* End PBXTargetDependency section */

/* Begin PBXVariantGroup section */
		16B139FC22AE8A8000B21343 /* Main.storyboard */ = {
			isa = PBXVariantGroup;
			children = (
				16B139FD22AE8A8000B21343 /* Base */,
			);
			name = Main.storyboard;
			sourceTree = "<group>";
		};
		16B13A0122AE8A8200B21343 /* LaunchScreen.storyboard */ = {
			isa = PBXVariantGroup;
			children = (
				16B13A0222AE8A8200B21343 /* Base */,
			);
			name = LaunchScreen.storyboard;
			sourceTree = "<group>";
		};
/* End PBXVariantGroup section */

/* Begin XCBuildConfiguration section */
		16B13A1B22AE8A8200B21343 /* Debug */ = {
			isa = XCBuildConfiguration;
			buildSettings = {
				ALWAYS_SEARCH_USER_PATHS = NO;
				CLANG_ANALYZER_NONNULL = YES;
				CLANG_ANALYZER_NUMBER_OBJECT_CONVERSION = YES_AGGRESSIVE;
				CLANG_CXX_LANGUAGE_STANDARD = "gnu++14";
				CLANG_CXX_LIBRARY = "libc++";
				CLANG_ENABLE_MODULES = YES;
				CLANG_ENABLE_OBJC_ARC = YES;
				CLANG_ENABLE_OBJC_WEAK = YES;
				CLANG_WARN_BLOCK_CAPTURE_AUTORELEASING = YES;
				CLANG_WARN_BOOL_CONVERSION = YES;
				CLANG_WARN_COMMA = YES;
				CLANG_WARN_CONSTANT_CONVERSION = YES;
				CLANG_WARN_DEPRECATED_OBJC_IMPLEMENTATIONS = YES;
				CLANG_WARN_DIRECT_OBJC_ISA_USAGE = YES_ERROR;
				CLANG_WARN_DOCUMENTATION_COMMENTS = YES;
				CLANG_WARN_EMPTY_BODY = YES;
				CLANG_WARN_ENUM_CONVERSION = YES;
				CLANG_WARN_INFINITE_RECURSION = YES;
				CLANG_WARN_INT_CONVERSION = YES;
				CLANG_WARN_NON_LITERAL_NULL_CONVERSION = YES;
				CLANG_WARN_OBJC_IMPLICIT_RETAIN_SELF = YES;
				CLANG_WARN_OBJC_LITERAL_CONVERSION = YES;
				CLANG_WARN_OBJC_ROOT_CLASS = YES_ERROR;
				CLANG_WARN_RANGE_LOOP_ANALYSIS = YES;
				CLANG_WARN_STRICT_PROTOTYPES = YES;
				CLANG_WARN_SUSPICIOUS_MOVE = YES;
				CLANG_WARN_UNGUARDED_AVAILABILITY = YES_AGGRESSIVE;
				CLANG_WARN_UNREACHABLE_CODE = YES;
				CLANG_WARN__DUPLICATE_METHOD_MATCH = YES;
				CODE_SIGN_IDENTITY = "iPhone Developer";
				COPY_PHASE_STRIP = NO;
				DEBUG_INFORMATION_FORMAT = dwarf;
				ENABLE_STRICT_OBJC_MSGSEND = YES;
				ENABLE_TESTABILITY = YES;
				GCC_C_LANGUAGE_STANDARD = gnu11;
				GCC_DYNAMIC_NO_PIC = NO;
				GCC_NO_COMMON_BLOCKS = YES;
				GCC_OPTIMIZATION_LEVEL = 0;
				GCC_PREPROCESSOR_DEFINITIONS = (
					"DEBUG=1",
					"$(inherited)",
				);
				GCC_WARN_64_TO_32_BIT_CONVERSION = YES;
				GCC_WARN_ABOUT_RETURN_TYPE = YES_ERROR;
				GCC_WARN_UNDECLARED_SELECTOR = YES;
				GCC_WARN_UNINITIALIZED_AUTOS = YES_AGGRESSIVE;
				GCC_WARN_UNUSED_FUNCTION = YES;
				GCC_WARN_UNUSED_VARIABLE = YES;
				IPHONEOS_DEPLOYMENT_TARGET = 12.2;
				MTL_ENABLE_DEBUG_INFO = INCLUDE_SOURCE;
				MTL_FAST_MATH = YES;
				ONLY_ACTIVE_ARCH = YES;
				SDKROOT = iphoneos;
				SWIFT_ACTIVE_COMPILATION_CONDITIONS = DEBUG;
				SWIFT_OPTIMIZATION_LEVEL = "-Onone";
			};
			name = Debug;
		};
		16B13A1C22AE8A8200B21343 /* Release */ = {
			isa = XCBuildConfiguration;
			buildSettings = {
				ALWAYS_SEARCH_USER_PATHS = NO;
				CLANG_ANALYZER_NONNULL = YES;
				CLANG_ANALYZER_NUMBER_OBJECT_CONVERSION = YES_AGGRESSIVE;
				CLANG_CXX_LANGUAGE_STANDARD = "gnu++14";
				CLANG_CXX_LIBRARY = "libc++";
				CLANG_ENABLE_MODULES = YES;
				CLANG_ENABLE_OBJC_ARC = YES;
				CLANG_ENABLE_OBJC_WEAK = YES;
				CLANG_WARN_BLOCK_CAPTURE_AUTORELEASING = YES;
				CLANG_WARN_BOOL_CONVERSION = YES;
				CLANG_WARN_COMMA = YES;
				CLANG_WARN_CONSTANT_CONVERSION = YES;
				CLANG_WARN_DEPRECATED_OBJC_IMPLEMENTATIONS = YES;
				CLANG_WARN_DIRECT_OBJC_ISA_USAGE = YES_ERROR;
				CLANG_WARN_DOCUMENTATION_COMMENTS = YES;
				CLANG_WARN_EMPTY_BODY = YES;
				CLANG_WARN_ENUM_CONVERSION = YES;
				CLANG_WARN_INFINITE_RECURSION = YES;
				CLANG_WARN_INT_CONVERSION = YES;
				CLANG_WARN_NON_LITERAL_NULL_CONVERSION = YES;
				CLANG_WARN_OBJC_IMPLICIT_RETAIN_SELF = YES;
				CLANG_WARN_OBJC_LITERAL_CONVERSION = YES;
				CLANG_WARN_OBJC_ROOT_CLASS = YES_ERROR;
				CLANG_WARN_RANGE_LOOP_ANALYSIS = YES;
				CLANG_WARN_STRICT_PROTOTYPES = YES;
				CLANG_WARN_SUSPICIOUS_MOVE = YES;
				CLANG_WARN_UNGUARDED_AVAILABILITY = YES_AGGRESSIVE;
				CLANG_WARN_UNREACHABLE_CODE = YES;
				CLANG_WARN__DUPLICATE_METHOD_MATCH = YES;
				CODE_SIGN_IDENTITY = "iPhone Developer";
				COPY_PHASE_STRIP = NO;
				DEBUG_INFORMATION_FORMAT = "dwarf-with-dsym";
				ENABLE_NS_ASSERTIONS = NO;
				ENABLE_STRICT_OBJC_MSGSEND = YES;
				GCC_C_LANGUAGE_STANDARD = gnu11;
				GCC_NO_COMMON_BLOCKS = YES;
				GCC_WARN_64_TO_32_BIT_CONVERSION = YES;
				GCC_WARN_ABOUT_RETURN_TYPE = YES_ERROR;
				GCC_WARN_UNDECLARED_SELECTOR = YES;
				GCC_WARN_UNINITIALIZED_AUTOS = YES_AGGRESSIVE;
				GCC_WARN_UNUSED_FUNCTION = YES;
				GCC_WARN_UNUSED_VARIABLE = YES;
				IPHONEOS_DEPLOYMENT_TARGET = 12.2;
				MTL_ENABLE_DEBUG_INFO = NO;
				MTL_FAST_MATH = YES;
				SDKROOT = iphoneos;
				SWIFT_COMPILATION_MODE = wholemodule;
				SWIFT_OPTIMIZATION_LEVEL = "-O";
				VALIDATE_PRODUCT = YES;
			};
			name = Release;
		};
		16B13A1E22AE8A8200B21343 /* Debug */ = {
			isa = XCBuildConfiguration;
			baseConfigurationReference = 22D9A878F206716EF4A2EAE4 /* Pods-SocialMediaSignIn.debug.xcconfig */;
			buildSettings = {
				ASSETCATALOG_COMPILER_APPICON_NAME = AppIcon;
				CODE_SIGN_STYLE = Automatic;
				DEVELOPMENT_TEAM = N2F5MW64QA;
				INFOPLIST_FILE = SocialMediaSignIn/Info.plist;
				LD_RUNPATH_SEARCH_PATHS = (
					"$(inherited)",
					"@executable_path/Frameworks",
				);
				PRODUCT_BUNDLE_IDENTIFIER = Happykrafts.SocialMediaSignIn;
				PRODUCT_NAME = "$(TARGET_NAME)";
				SWIFT_VERSION = 5.0;
				TARGETED_DEVICE_FAMILY = "1,2";
			};
			name = Debug;
		};
		16B13A1F22AE8A8200B21343 /* Release */ = {
			isa = XCBuildConfiguration;
			baseConfigurationReference = B4934A8FE07994BE6A11137F /* Pods-SocialMediaSignIn.release.xcconfig */;
			buildSettings = {
				ASSETCATALOG_COMPILER_APPICON_NAME = AppIcon;
				CODE_SIGN_STYLE = Automatic;
				DEVELOPMENT_TEAM = N2F5MW64QA;
				INFOPLIST_FILE = SocialMediaSignIn/Info.plist;
				LD_RUNPATH_SEARCH_PATHS = (
					"$(inherited)",
					"@executable_path/Frameworks",
				);
				PRODUCT_BUNDLE_IDENTIFIER = Happykrafts.SocialMediaSignIn;
				PRODUCT_NAME = "$(TARGET_NAME)";
				SWIFT_VERSION = 5.0;
				TARGETED_DEVICE_FAMILY = "1,2";
			};
			name = Release;
		};
		16B13A2122AE8A8200B21343 /* Debug */ = {
			isa = XCBuildConfiguration;
			baseConfigurationReference = 423DD64CF99F676E187F277D /* Pods-SocialMediaSignInTests.debug.xcconfig */;
			buildSettings = {
				ALWAYS_EMBED_SWIFT_STANDARD_LIBRARIES = YES;
				BUNDLE_LOADER = "$(TEST_HOST)";
				CODE_SIGN_STYLE = Automatic;
				INFOPLIST_FILE = SocialMediaSignInTests/Info.plist;
				LD_RUNPATH_SEARCH_PATHS = (
					"$(inherited)",
					"@executable_path/Frameworks",
					"@loader_path/Frameworks",
				);
				PRODUCT_BUNDLE_IDENTIFIER = Happykrafts.SocialMediaSignInTests;
				PRODUCT_NAME = "$(TARGET_NAME)";
				SWIFT_VERSION = 5.0;
				TARGETED_DEVICE_FAMILY = "1,2";
				TEST_HOST = "$(BUILT_PRODUCTS_DIR)/SocialMediaSignIn.app/SocialMediaSignIn";
			};
			name = Debug;
		};
		16B13A2222AE8A8200B21343 /* Release */ = {
			isa = XCBuildConfiguration;
			baseConfigurationReference = 5A1DF446ED2A12CA927BA320 /* Pods-SocialMediaSignInTests.release.xcconfig */;
			buildSettings = {
				ALWAYS_EMBED_SWIFT_STANDARD_LIBRARIES = YES;
				BUNDLE_LOADER = "$(TEST_HOST)";
				CODE_SIGN_STYLE = Automatic;
				INFOPLIST_FILE = SocialMediaSignInTests/Info.plist;
				LD_RUNPATH_SEARCH_PATHS = (
					"$(inherited)",
					"@executable_path/Frameworks",
					"@loader_path/Frameworks",
				);
				PRODUCT_BUNDLE_IDENTIFIER = Happykrafts.SocialMediaSignInTests;
				PRODUCT_NAME = "$(TARGET_NAME)";
				SWIFT_VERSION = 5.0;
				TARGETED_DEVICE_FAMILY = "1,2";
				TEST_HOST = "$(BUILT_PRODUCTS_DIR)/SocialMediaSignIn.app/SocialMediaSignIn";
			};
			name = Release;
		};
		16B13A2422AE8A8200B21343 /* Debug */ = {
			isa = XCBuildConfiguration;
			baseConfigurationReference = E9FB37ED51BCA135C2499A15 /* Pods-SocialMediaSignInUITests.debug.xcconfig */;
			buildSettings = {
				ALWAYS_EMBED_SWIFT_STANDARD_LIBRARIES = YES;
				CODE_SIGN_STYLE = Automatic;
				INFOPLIST_FILE = SocialMediaSignInUITests/Info.plist;
				LD_RUNPATH_SEARCH_PATHS = (
					"$(inherited)",
					"@executable_path/Frameworks",
					"@loader_path/Frameworks",
				);
				PRODUCT_BUNDLE_IDENTIFIER = Happykrafts.SocialMediaSignInUITests;
				PRODUCT_NAME = "$(TARGET_NAME)";
				SWIFT_VERSION = 5.0;
				TARGETED_DEVICE_FAMILY = "1,2";
				TEST_TARGET_NAME = SocialMediaSignIn;
			};
			name = Debug;
		};
		16B13A2522AE8A8200B21343 /* Release */ = {
			isa = XCBuildConfiguration;
			baseConfigurationReference = F7217F42AE963E4CE40A0C35 /* Pods-SocialMediaSignInUITests.release.xcconfig */;
			buildSettings = {
				ALWAYS_EMBED_SWIFT_STANDARD_LIBRARIES = YES;
				CODE_SIGN_STYLE = Automatic;
				INFOPLIST_FILE = SocialMediaSignInUITests/Info.plist;
				LD_RUNPATH_SEARCH_PATHS = (
					"$(inherited)",
					"@executable_path/Frameworks",
					"@loader_path/Frameworks",
				);
				PRODUCT_BUNDLE_IDENTIFIER = Happykrafts.SocialMediaSignInUITests;
				PRODUCT_NAME = "$(TARGET_NAME)";
				SWIFT_VERSION = 5.0;
				TARGETED_DEVICE_FAMILY = "1,2";
				TEST_TARGET_NAME = SocialMediaSignIn;
			};
			name = Release;
		};
/* End XCBuildConfiguration section */

/* Begin XCConfigurationList section */
		16B139F022AE8A7F00B21343 /* Build configuration list for PBXProject "SocialMediaSignIn" */ = {
			isa = XCConfigurationList;
			buildConfigurations = (
				16B13A1B22AE8A8200B21343 /* Debug */,
				16B13A1C22AE8A8200B21343 /* Release */,
			);
			defaultConfigurationIsVisible = 0;
			defaultConfigurationName = Release;
		};
		16B13A1D22AE8A8200B21343 /* Build configuration list for PBXNativeTarget "SocialMediaSignIn" */ = {
			isa = XCConfigurationList;
			buildConfigurations = (
				16B13A1E22AE8A8200B21343 /* Debug */,
				16B13A1F22AE8A8200B21343 /* Release */,
			);
			defaultConfigurationIsVisible = 0;
			defaultConfigurationName = Release;
		};
		16B13A2022AE8A8200B21343 /* Build configuration list for PBXNativeTarget "SocialMediaSignInTests" */ = {
			isa = XCConfigurationList;
			buildConfigurations = (
				16B13A2122AE8A8200B21343 /* Debug */,
				16B13A2222AE8A8200B21343 /* Release */,
			);
			defaultConfigurationIsVisible = 0;
			defaultConfigurationName = Release;
		};
		16B13A2322AE8A8200B21343 /* Build configuration list for PBXNativeTarget "SocialMediaSignInUITests" */ = {
			isa = XCConfigurationList;
			buildConfigurations = (
				16B13A2422AE8A8200B21343 /* Debug */,
				16B13A2522AE8A8200B21343 /* Release */,
			);
			defaultConfigurationIsVisible = 0;
			defaultConfigurationName = Release;
		};
/* End XCConfigurationList section */
	};
	rootObject = 16B139ED22AE8A7F00B21343 /* Project object */;
}
